
Microsoft Visual Studio Solution File, Format Version 12.00
# Visual Studio Version 16
VisualStudioVersion = 16.0.29230.47
MinimumVisualStudioVersion = 10.0.40219.1
Project("{FAE04EC0-301F-11D3-BF4B-00C04F79EFBC}") = "Techofab_Website", "Techofab_Website\Techofab_Website.csproj", "{F4E004D4-93A8-41C1-A30D-25D9DDE70582}"
EndProject
Global
	GlobalSection(SolutionConfigurationPlatforms) = preSolution
		Debug|Any CPU = Debug|Any CPU
		Release|Any CPU = Release|Any CPU
	EndGlobalSection
	GlobalSection(ProjectConfigurationPlatforms) = postSolution
		{F4E004D4-93A8-41C1-A30D-25D9DDE70582}.Debug|Any CPU.ActiveCfg = Debug|Any CPU
		{F4E004D4-93A8-41C1-A30D-25D9DDE70582}.Debug|Any CPU.Build.0 = Debug|Any CPU
		{F4E004D4-93A8-41C1-A30D-25D9DDE70582}.Release|Any CPU.ActiveCfg = Release|Any CPU
		{F4E004D4-93A8-41C1-A30D-25D9DDE70582}.Release|Any CPU.Build.0 = Release|Any CPU
	EndGlobalSection
	GlobalSection(SolutionProperties) = preSolution
		HideSolutionNode = FALSE
	EndGlobalSection
	GlobalSection(ExtensibilityGlobals) = postSolution
		SolutionGuid = {A7F734FE-DB93-4901-BF49-3CD6EA9D202E}
	EndGlobalSection
EndGlobal
